// !$*UTF8*$!
{
	archiveVersion = 1;
	classes = {
	};
	objectVersion = 56;
	objects = {

/* Begin PBXBuildFile section */
		0150048B2BF6772400F2A948 /* FirebaseAuth in Frameworks */ = {isa = PBXBuildFile; productRef = 0150048A2BF6772400F2A948 /* FirebaseAuth */; };
		0150048D2BF6772400F2A948 /* FirebaseDatabase in Frameworks */ = {isa = PBXBuildFile; productRef = 0150048C2BF6772400F2A948 /* FirebaseDatabase */; };
		015004922BF682A000F2A948 /* FirebaseRegistrationManager.swift in Sources */ = {isa = PBXBuildFile; fileRef = 015004912BF682A000F2A948 /* FirebaseRegistrationManager.swift */; };
		015004942BF683D000F2A948 /* UserAuthentication.swift in Sources */ = {isa = PBXBuildFile; fileRef = 015004932BF683CF00F2A948 /* UserAuthentication.swift */; };
		015004972BF688D900F2A948 /* FirebaseLoginManager.swift in Sources */ = {isa = PBXBuildFile; fileRef = 015004962BF688D900F2A948 /* FirebaseLoginManager.swift */; };
		0168604C2BF68EC9007BE7A6 /* splash.json in Resources */ = {isa = PBXBuildFile; fileRef = 0168604B2BF68EC9007BE7A6 /* splash.json */; };
		0168604F2BF68F76007BE7A6 /* Lottie in Frameworks */ = {isa = PBXBuildFile; productRef = 0168604E2BF68F76007BE7A6 /* Lottie */; };
		017C0FD02BF10D2A008F6EA1 /* AppDelegate.swift in Sources */ = {isa = PBXBuildFile; fileRef = 017C0FCF2BF10D2A008F6EA1 /* AppDelegate.swift */; };
		017C0FD22BF10D2A008F6EA1 /* SceneDelegate.swift in Sources */ = {isa = PBXBuildFile; fileRef = 017C0FD12BF10D2A008F6EA1 /* SceneDelegate.swift */; };
		017C0FD42BF10D2A008F6EA1 /* SplashViewController.swift in Sources */ = {isa = PBXBuildFile; fileRef = 017C0FD32BF10D2A008F6EA1 /* SplashViewController.swift */; };
		017C0FD92BF10D2B008F6EA1 /* Assets.xcassets in Resources */ = {isa = PBXBuildFile; fileRef = 017C0FD82BF10D2B008F6EA1 /* Assets.xcassets */; };
		017C0FDC2BF10D2B008F6EA1 /* Base in Resources */ = {isa = PBXBuildFile; fileRef = 017C0FDB2BF10D2B008F6EA1 /* Base */; };
		017C0FE72BF13A8B008F6EA1 /* LoginViewController.swift in Sources */ = {isa = PBXBuildFile; fileRef = 017C0FE62BF13A8B008F6EA1 /* LoginViewController.swift */; };
		017C0FE92BF140CE008F6EA1 /* RegisterViewController.swift in Sources */ = {isa = PBXBuildFile; fileRef = 017C0FE82BF140CE008F6EA1 /* RegisterViewController.swift */; };
		017C0FF22BF14482008F6EA1 /* LoginView.swift in Sources */ = {isa = PBXBuildFile; fileRef = 017C0FF12BF14482008F6EA1 /* LoginView.swift */; };
		017C0FF52BF154D5008F6EA1 /* CustomColor.swift in Sources */ = {isa = PBXBuildFile; fileRef = 017C0FF42BF154D5008F6EA1 /* CustomColor.swift */; };
		017D26EE2BF1F10500E6D2E4 /* LoginModel.swift in Sources */ = {isa = PBXBuildFile; fileRef = 017D26ED2BF1F10500E6D2E4 /* LoginModel.swift */; };
		017D26F12BF1F68300E6D2E4 /* LoginButtonDelegate.swift in Sources */ = {isa = PBXBuildFile; fileRef = 017D26F02BF1F68300E6D2E4 /* LoginButtonDelegate.swift */; };
		017D26F42BF2103900E6D2E4 /* RegisterView.swift in Sources */ = {isa = PBXBuildFile; fileRef = 017D26F32BF2103900E6D2E4 /* RegisterView.swift */; };
		017D26F72BF214DE00E6D2E4 /* RegisterModel.swift in Sources */ = {isa = PBXBuildFile; fileRef = 017D26F62BF214DE00E6D2E4 /* RegisterModel.swift */; };
		017D26FA2BF2166100E6D2E4 /* RegisterButtonDelegate.swift in Sources */ = {isa = PBXBuildFile; fileRef = 017D26F92BF2166100E6D2E4 /* RegisterButtonDelegate.swift */; };
		017D26FC2BF257F400E6D2E4 /* ChangingProfileAvatarDelegate.swift in Sources */ = {isa = PBXBuildFile; fileRef = 017D26FB2BF257F400E6D2E4 /* ChangingProfileAvatarDelegate.swift */; };
		017E84532BFBC34400EED6E3 /* UserCreator.swift in Sources */ = {isa = PBXBuildFile; fileRef = 017E84522BFBC34400EED6E3 /* UserCreator.swift */; };
		017E84562BFBC85300EED6E3 /* ChatAppUser.swift in Sources */ = {isa = PBXBuildFile; fileRef = 017E84552BFBC85300EED6E3 /* ChatAppUser.swift */; };
		017E84592BFE629F00EED6E3 /* MainTabBarController.swift in Sources */ = {isa = PBXBuildFile; fileRef = 017E84582BFE629F00EED6E3 /* MainTabBarController.swift */; };
		017E84632BFE64E700EED6E3 /* ChatsViewController.swift in Sources */ = {isa = PBXBuildFile; fileRef = 017E84622BFE64E700EED6E3 /* ChatsViewController.swift */; };
		017E84652BFE651B00EED6E3 /* ProfileViewController.swift in Sources */ = {isa = PBXBuildFile; fileRef = 017E84642BFE651B00EED6E3 /* ProfileViewController.swift */; };
		017E84672C049CD200EED6E3 /* ProfileView.swift in Sources */ = {isa = PBXBuildFile; fileRef = 017E84662C049CD200EED6E3 /* ProfileView.swift */; };
		017E846C2C04A24000EED6E3 /* LogOutButtonDelegate.swift in Sources */ = {isa = PBXBuildFile; fileRef = 017E846B2C04A24000EED6E3 /* LogOutButtonDelegate.swift */; };
		017E846E2C04A28D00EED6E3 /* ProfileModel.swift in Sources */ = {isa = PBXBuildFile; fileRef = 017E846D2C04A28D00EED6E3 /* ProfileModel.swift */; };
		017E84702C04A3E900EED6E3 /* FirebaseProfileManager.swift in Sources */ = {isa = PBXBuildFile; fileRef = 017E846F2C04A3E900EED6E3 /* FirebaseProfileManager.swift */; };
		017E84722C04A6CC00EED6E3 /* Logout.swift in Sources */ = {isa = PBXBuildFile; fileRef = 017E84712C04A6CC00EED6E3 /* Logout.swift */; };
		017E84742C04E84200EED6E3 /* GoogleService-Info.plist in Resources */ = {isa = PBXBuildFile; fileRef = 017E84732C04E84200EED6E3 /* GoogleService-Info.plist */; };
		017E84772C04EDF100EED6E3 /* GoogleSignIn in Frameworks */ = {isa = PBXBuildFile; productRef = 017E84762C04EDF100EED6E3 /* GoogleSignIn */; };
		017E84792C04EDF100EED6E3 /* GoogleSignInSwift in Frameworks */ = {isa = PBXBuildFile; productRef = 017E84782C04EDF100EED6E3 /* GoogleSignInSwift */; };
		017E847B2C05B4BB00EED6E3 /* GoogleLoginButtonDelegate.swift in Sources */ = {isa = PBXBuildFile; fileRef = 017E847A2C05B4BA00EED6E3 /* GoogleLoginButtonDelegate.swift */; };
		017E847D2C05F5D800EED6E3 /* GoogleAuthorization .swift in Sources */ = {isa = PBXBuildFile; fileRef = 017E847C2C05F5D700EED6E3 /* GoogleAuthorization .swift */; };
		018D82532BFA84F4002E65BF /* FirebaseUserStatusManager.swift in Sources */ = {isa = PBXBuildFile; fileRef = 018D82522BFA84F4002E65BF /* FirebaseUserStatusManager.swift */; };
		018D82552BFA852F002E65BF /* UserStatus.swift in Sources */ = {isa = PBXBuildFile; fileRef = 018D82542BFA852F002E65BF /* UserStatus.swift */; };
		018D82572BFA8561002E65BF /* SplashModel.swift in Sources */ = {isa = PBXBuildFile; fileRef = 018D82562BFA8561002E65BF /* SplashModel.swift */; };
/* End PBXBuildFile section */

/* Begin PBXFileReference section */
		015004912BF682A000F2A948 /* FirebaseRegistrationManager.swift */ = {isa = PBXFileReference; lastKnownFileType = sourcecode.swift; path = FirebaseRegistrationManager.swift; sourceTree = "<group>"; };
		015004932BF683CF00F2A948 /* UserAuthentication.swift */ = {isa = PBXFileReference; lastKnownFileType = sourcecode.swift; path = UserAuthentication.swift; sourceTree = "<group>"; };
		015004962BF688D900F2A948 /* FirebaseLoginManager.swift */ = {isa = PBXFileReference; lastKnownFileType = sourcecode.swift; path = FirebaseLoginManager.swift; sourceTree = "<group>"; };
		0168604B2BF68EC9007BE7A6 /* splash.json */ = {isa = PBXFileReference; fileEncoding = 4; lastKnownFileType = text.json; path = splash.json; sourceTree = "<group>"; };
		017C0FCC2BF10D2A008F6EA1 /* Chat.app */ = {isa = PBXFileReference; explicitFileType = wrapper.application; includeInIndex = 0; path = Chat.app; sourceTree = BUILT_PRODUCTS_DIR; };
		017C0FCF2BF10D2A008F6EA1 /* AppDelegate.swift */ = {isa = PBXFileReference; lastKnownFileType = sourcecode.swift; path = AppDelegate.swift; sourceTree = "<group>"; };
		017C0FD12BF10D2A008F6EA1 /* SceneDelegate.swift */ = {isa = PBXFileReference; lastKnownFileType = sourcecode.swift; path = SceneDelegate.swift; sourceTree = "<group>"; };
		017C0FD32BF10D2A008F6EA1 /* SplashViewController.swift */ = {isa = PBXFileReference; lastKnownFileType = sourcecode.swift; path = SplashViewController.swift; sourceTree = "<group>"; };
		017C0FD82BF10D2B008F6EA1 /* Assets.xcassets */ = {isa = PBXFileReference; lastKnownFileType = folder.assetcatalog; path = Assets.xcassets; sourceTree = "<group>"; };
		017C0FDB2BF10D2B008F6EA1 /* Base */ = {isa = PBXFileReference; lastKnownFileType = file.storyboard; name = Base; path = Base.lproj/LaunchScreen.storyboard; sourceTree = "<group>"; };
		017C0FDD2BF10D2B008F6EA1 /* Info.plist */ = {isa = PBXFileReference; lastKnownFileType = text.plist.xml; path = Info.plist; sourceTree = "<group>"; };
		017C0FE62BF13A8B008F6EA1 /* LoginViewController.swift */ = {isa = PBXFileReference; lastKnownFileType = sourcecode.swift; path = LoginViewController.swift; sourceTree = "<group>"; };
		017C0FE82BF140CE008F6EA1 /* RegisterViewController.swift */ = {isa = PBXFileReference; lastKnownFileType = sourcecode.swift; path = RegisterViewController.swift; sourceTree = "<group>"; };
		017C0FF12BF14482008F6EA1 /* LoginView.swift */ = {isa = PBXFileReference; lastKnownFileType = sourcecode.swift; path = LoginView.swift; sourceTree = "<group>"; };
		017C0FF42BF154D5008F6EA1 /* CustomColor.swift */ = {isa = PBXFileReference; lastKnownFileType = sourcecode.swift; path = CustomColor.swift; sourceTree = "<group>"; };
		017D26ED2BF1F10500E6D2E4 /* LoginModel.swift */ = {isa = PBXFileReference; lastKnownFileType = sourcecode.swift; path = LoginModel.swift; sourceTree = "<group>"; };
		017D26F02BF1F68300E6D2E4 /* LoginButtonDelegate.swift */ = {isa = PBXFileReference; lastKnownFileType = sourcecode.swift; path = LoginButtonDelegate.swift; sourceTree = "<group>"; };
		017D26F32BF2103900E6D2E4 /* RegisterView.swift */ = {isa = PBXFileReference; lastKnownFileType = sourcecode.swift; path = RegisterView.swift; sourceTree = "<group>"; };
		017D26F62BF214DE00E6D2E4 /* RegisterModel.swift */ = {isa = PBXFileReference; lastKnownFileType = sourcecode.swift; path = RegisterModel.swift; sourceTree = "<group>"; };
		017D26F92BF2166100E6D2E4 /* RegisterButtonDelegate.swift */ = {isa = PBXFileReference; lastKnownFileType = sourcecode.swift; path = RegisterButtonDelegate.swift; sourceTree = "<group>"; };
		017D26FB2BF257F400E6D2E4 /* ChangingProfileAvatarDelegate.swift */ = {isa = PBXFileReference; lastKnownFileType = sourcecode.swift; path = ChangingProfileAvatarDelegate.swift; sourceTree = "<group>"; };
		017E84522BFBC34400EED6E3 /* UserCreator.swift */ = {isa = PBXFileReference; lastKnownFileType = sourcecode.swift; path = UserCreator.swift; sourceTree = "<group>"; };
		017E84552BFBC85300EED6E3 /* ChatAppUser.swift */ = {isa = PBXFileReference; lastKnownFileType = sourcecode.swift; path = ChatAppUser.swift; sourceTree = "<group>"; };
		017E84582BFE629F00EED6E3 /* MainTabBarController.swift */ = {isa = PBXFileReference; lastKnownFileType = sourcecode.swift; path = MainTabBarController.swift; sourceTree = "<group>"; };
		017E84622BFE64E700EED6E3 /* ChatsViewController.swift */ = {isa = PBXFileReference; lastKnownFileType = sourcecode.swift; path = ChatsViewController.swift; sourceTree = "<group>"; };
		017E84642BFE651B00EED6E3 /* ProfileViewController.swift */ = {isa = PBXFileReference; lastKnownFileType = sourcecode.swift; path = ProfileViewController.swift; sourceTree = "<group>"; };
		017E84662C049CD200EED6E3 /* ProfileView.swift */ = {isa = PBXFileReference; lastKnownFileType = sourcecode.swift; path = ProfileView.swift; sourceTree = "<group>"; };
		017E846B2C04A24000EED6E3 /* LogOutButtonDelegate.swift */ = {isa = PBXFileReference; lastKnownFileType = sourcecode.swift; path = LogOutButtonDelegate.swift; sourceTree = "<group>"; };
		017E846D2C04A28D00EED6E3 /* ProfileModel.swift */ = {isa = PBXFileReference; lastKnownFileType = sourcecode.swift; path = ProfileModel.swift; sourceTree = "<group>"; };
		017E846F2C04A3E900EED6E3 /* FirebaseProfileManager.swift */ = {isa = PBXFileReference; lastKnownFileType = sourcecode.swift; path = FirebaseProfileManager.swift; sourceTree = "<group>"; };
		017E84712C04A6CC00EED6E3 /* Logout.swift */ = {isa = PBXFileReference; lastKnownFileType = sourcecode.swift; path = Logout.swift; sourceTree = "<group>"; };
		017E84732C04E84200EED6E3 /* GoogleService-Info.plist */ = {isa = PBXFileReference; fileEncoding = 4; lastKnownFileType = text.plist.xml; name = "GoogleService-Info.plist"; path = "../../../../../Downloads/GoogleService-Info.plist"; sourceTree = "<group>"; };
		017E847A2C05B4BA00EED6E3 /* GoogleLoginButtonDelegate.swift */ = {isa = PBXFileReference; lastKnownFileType = sourcecode.swift; path = GoogleLoginButtonDelegate.swift; sourceTree = "<group>"; };
		017E847C2C05F5D700EED6E3 /* GoogleAuthorization .swift */ = {isa = PBXFileReference; lastKnownFileType = sourcecode.swift; path = "GoogleAuthorization .swift"; sourceTree = "<group>"; };
		018D82522BFA84F4002E65BF /* FirebaseUserStatusManager.swift */ = {isa = PBXFileReference; lastKnownFileType = sourcecode.swift; path = FirebaseUserStatusManager.swift; sourceTree = "<group>"; };
		018D82542BFA852F002E65BF /* UserStatus.swift */ = {isa = PBXFileReference; lastKnownFileType = sourcecode.swift; path = UserStatus.swift; sourceTree = "<group>"; };
		018D82562BFA8561002E65BF /* SplashModel.swift */ = {isa = PBXFileReference; lastKnownFileType = sourcecode.swift; path = SplashModel.swift; sourceTree = "<group>"; };
/* End PBXFileReference section */

/* Begin PBXFrameworksBuildPhase section */
		017C0FC92BF10D2A008F6EA1 /* Frameworks */ = {
			isa = PBXFrameworksBuildPhase;
			buildActionMask = 2147483647;
			files = (
				017E84792C04EDF100EED6E3 /* GoogleSignInSwift in Frameworks */,
				0150048D2BF6772400F2A948 /* FirebaseDatabase in Frameworks */,
				017E84772C04EDF100EED6E3 /* GoogleSignIn in Frameworks */,
				0150048B2BF6772400F2A948 /* FirebaseAuth in Frameworks */,
				0168604F2BF68F76007BE7A6 /* Lottie in Frameworks */,
			);
			runOnlyForDeploymentPostprocessing = 0;
		};
/* End PBXFrameworksBuildPhase section */

/* Begin PBXGroup section */
		015004902BF6824900F2A948 /* Manager */ = {
			isa = PBXGroup;
			children = (
				015004912BF682A000F2A948 /* FirebaseRegistrationManager.swift */,
			);
			path = Manager;
			sourceTree = "<group>";
		};
		015004952BF6889700F2A948 /* Manager */ = {
			isa = PBXGroup;
			children = (
				015004962BF688D900F2A948 /* FirebaseLoginManager.swift */,
			);
			path = Manager;
			sourceTree = "<group>";
		};
		016B8FED2BFA6A5C00AD8A1F /* Splash */ = {
			isa = PBXGroup;
			children = (
				018D82512BFA84E2002E65BF /* Manager */,
				018D82502BFA84D7002E65BF /* Protocols */,
				018D824F2BFA84C7002E65BF /* Presentation */,
				016B8FEE2BFA6BD000AD8A1F /* UI */,
			);
			path = Splash;
			sourceTree = "<group>";
		};
		016B8FEE2BFA6BD000AD8A1F /* UI */ = {
			isa = PBXGroup;
			children = (
				016B8FEF2BFA6BE500AD8A1F /* Controller */,
			);
			path = UI;
			sourceTree = "<group>";
		};
		016B8FEF2BFA6BE500AD8A1F /* Controller */ = {
			isa = PBXGroup;
			children = (
				017C0FD32BF10D2A008F6EA1 /* SplashViewController.swift */,
			);
			path = Controller;
			sourceTree = "<group>";
		};
		017C0FC32BF10D2A008F6EA1 = {
			isa = PBXGroup;
			children = (
				017C0FCE2BF10D2A008F6EA1 /* Chat */,
				017C0FCD2BF10D2A008F6EA1 /* Products */,
			);
			sourceTree = "<group>";
		};
		017C0FCD2BF10D2A008F6EA1 /* Products */ = {
			isa = PBXGroup;
			children = (
				017C0FCC2BF10D2A008F6EA1 /* Chat.app */,
			);
			name = Products;
			sourceTree = "<group>";
		};
		017C0FCE2BF10D2A008F6EA1 /* Chat */ = {
			isa = PBXGroup;
			children = (
				017C0FE42BF132A5008F6EA1 /* Application */,
				017C0FE32BF13275008F6EA1 /* Resources */,
				017E84542BFBC83B00EED6E3 /* Models */,
				016B8FED2BFA6A5C00AD8A1F /* Splash */,
				017C0FE52BF13A54008F6EA1 /* Authorization */,
				017E84572BFE626B00EED6E3 /* TabBarController */,
				017E845A2BFE63ED00EED6E3 /* Chats */,
				017E845B2BFE648100EED6E3 /* Profile */,
			);
			path = Chat;
			sourceTree = "<group>";
		};
		017C0FE32BF13275008F6EA1 /* Resources */ = {
			isa = PBXGroup;
			children = (
				017C0FF32BF154BD008F6EA1 /* CustomColor */,
				0168604B2BF68EC9007BE7A6 /* splash.json */,
				017C0FD82BF10D2B008F6EA1 /* Assets.xcassets */,
				017C0FDA2BF10D2B008F6EA1 /* LaunchScreen.storyboard */,
				017C0FDD2BF10D2B008F6EA1 /* Info.plist */,
				017E84732C04E84200EED6E3 /* GoogleService-Info.plist */,
			);
			path = Resources;
			sourceTree = "<group>";
		};
		017C0FE42BF132A5008F6EA1 /* Application */ = {
			isa = PBXGroup;
			children = (
				017C0FCF2BF10D2A008F6EA1 /* AppDelegate.swift */,
				017C0FD12BF10D2A008F6EA1 /* SceneDelegate.swift */,
			);
			path = Application;
			sourceTree = "<group>";
		};
		017C0FE52BF13A54008F6EA1 /* Authorization */ = {
			isa = PBXGroup;
			children = (
				017C0FEA2BF14428008F6EA1 /* Login */,
				017C0FEE2BF14457008F6EA1 /* Register */,
			);
			path = Authorization;
			sourceTree = "<group>";
		};
		017C0FEA2BF14428008F6EA1 /* Login */ = {
			isa = PBXGroup;
			children = (
				015004952BF6889700F2A948 /* Manager */,
				017D26EF2BF1F66600E6D2E4 /* Protocols */,
				017D26EC2BF1F0E800E6D2E4 /* Presentation */,
				017C0FEB2BF14432008F6EA1 /* UI */,
			);
			path = Login;
			sourceTree = "<group>";
		};
		017C0FEB2BF14432008F6EA1 /* UI */ = {
			isa = PBXGroup;
			children = (
				017C0FEC2BF14437008F6EA1 /* Controller */,
				017C0FED2BF1443E008F6EA1 /* Views */,
			);
			path = UI;
			sourceTree = "<group>";
		};
		017C0FEC2BF14437008F6EA1 /* Controller */ = {
			isa = PBXGroup;
			children = (
				017C0FE62BF13A8B008F6EA1 /* LoginViewController.swift */,
			);
			path = Controller;
			sourceTree = "<group>";
		};
		017C0FED2BF1443E008F6EA1 /* Views */ = {
			isa = PBXGroup;
			children = (
				017C0FF12BF14482008F6EA1 /* LoginView.swift */,
			);
			path = Views;
			sourceTree = "<group>";
		};
		017C0FEE2BF14457008F6EA1 /* Register */ = {
			isa = PBXGroup;
			children = (
				015004902BF6824900F2A948 /* Manager */,
				017D26F82BF2153600E6D2E4 /* Protocols */,
				017D26F52BF214C700E6D2E4 /* Presentation */,
				017C0FEF2BF14466008F6EA1 /* UI */,
			);
			path = Register;
			sourceTree = "<group>";
		};
		017C0FEF2BF14466008F6EA1 /* UI */ = {
			isa = PBXGroup;
			children = (
				017C0FF02BF1446B008F6EA1 /* Controller */,
				017D26F22BF2102000E6D2E4 /* Views */,
			);
			path = UI;
			sourceTree = "<group>";
		};
		017C0FF02BF1446B008F6EA1 /* Controller */ = {
			isa = PBXGroup;
			children = (
				017C0FE82BF140CE008F6EA1 /* RegisterViewController.swift */,
			);
			path = Controller;
			sourceTree = "<group>";
		};
		017C0FF32BF154BD008F6EA1 /* CustomColor */ = {
			isa = PBXGroup;
			children = (
				017C0FF42BF154D5008F6EA1 /* CustomColor.swift */,
			);
			path = CustomColor;
			sourceTree = "<group>";
		};
		017D26EC2BF1F0E800E6D2E4 /* Presentation */ = {
			isa = PBXGroup;
			children = (
				017D26ED2BF1F10500E6D2E4 /* LoginModel.swift */,
			);
			path = Presentation;
			sourceTree = "<group>";
		};
		017D26EF2BF1F66600E6D2E4 /* Protocols */ = {
			isa = PBXGroup;
			children = (
				017D26F02BF1F68300E6D2E4 /* LoginButtonDelegate.swift */,
				017E847A2C05B4BA00EED6E3 /* GoogleLoginButtonDelegate.swift */,
				017E847C2C05F5D700EED6E3 /* GoogleAuthorization .swift */,
			);
			path = Protocols;
			sourceTree = "<group>";
		};
		017D26F22BF2102000E6D2E4 /* Views */ = {
			isa = PBXGroup;
			children = (
				017D26F32BF2103900E6D2E4 /* RegisterView.swift */,
			);
			path = Views;
			sourceTree = "<group>";
		};
		017D26F52BF214C700E6D2E4 /* Presentation */ = {
			isa = PBXGroup;
			children = (
				017D26F62BF214DE00E6D2E4 /* RegisterModel.swift */,
			);
			path = Presentation;
			sourceTree = "<group>";
		};
		017D26F82BF2153600E6D2E4 /* Protocols */ = {
			isa = PBXGroup;
			children = (
				017D26F92BF2166100E6D2E4 /* RegisterButtonDelegate.swift */,
				017D26FB2BF257F400E6D2E4 /* ChangingProfileAvatarDelegate.swift */,
				015004932BF683CF00F2A948 /* UserAuthentication.swift */,
				017E84522BFBC34400EED6E3 /* UserCreator.swift */,
			);
			path = Protocols;
			sourceTree = "<group>";
		};
		017E84542BFBC83B00EED6E3 /* Models */ = {
			isa = PBXGroup;
			children = (
				017E84552BFBC85300EED6E3 /* ChatAppUser.swift */,
			);
			path = Models;
			sourceTree = "<group>";
		};
		017E84572BFE626B00EED6E3 /* TabBarController */ = {
			isa = PBXGroup;
			children = (
				017E84582BFE629F00EED6E3 /* MainTabBarController.swift */,
			);
			path = TabBarController;
			sourceTree = "<group>";
		};
		017E845A2BFE63ED00EED6E3 /* Chats */ = {
			isa = PBXGroup;
			children = (
				017E845C2BFE649800EED6E3 /* UI */,
			);
			path = Chats;
			sourceTree = "<group>";
		};
		017E845B2BFE648100EED6E3 /* Profile */ = {
			isa = PBXGroup;
			children = (
				017E846A2C04A15F00EED6E3 /* Manager */,
				017E84692C04A15700EED6E3 /* Protocols */,
				017E84682C04A14B00EED6E3 /* Presentation */,
				017E845F2BFE64C100EED6E3 /* UI */,
			);
			path = Profile;
			sourceTree = "<group>";
		};
		017E845C2BFE649800EED6E3 /* UI */ = {
			isa = PBXGroup;
			children = (
				017E845E2BFE64B600EED6E3 /* Controller */,
				017E845D2BFE64AF00EED6E3 /* Views */,
			);
			path = UI;
			sourceTree = "<group>";
		};
		017E845D2BFE64AF00EED6E3 /* Views */ = {
			isa = PBXGroup;
			children = (
			);
			path = Views;
			sourceTree = "<group>";
		};
		017E845E2BFE64B600EED6E3 /* Controller */ = {
			isa = PBXGroup;
			children = (
				017E84622BFE64E700EED6E3 /* ChatsViewController.swift */,
			);
			path = Controller;
			sourceTree = "<group>";
		};
		017E845F2BFE64C100EED6E3 /* UI */ = {
			isa = PBXGroup;
			children = (
				017E84612BFE64CA00EED6E3 /* Controller */,
				017E84602BFE64C500EED6E3 /* Views */,
			);
			path = UI;
			sourceTree = "<group>";
		};
		017E84602BFE64C500EED6E3 /* Views */ = {
			isa = PBXGroup;
			children = (
				017E84662C049CD200EED6E3 /* ProfileView.swift */,
			);
			path = Views;
			sourceTree = "<group>";
		};
		017E84612BFE64CA00EED6E3 /* Controller */ = {
			isa = PBXGroup;
			children = (
				017E84642BFE651B00EED6E3 /* ProfileViewController.swift */,
			);
			path = Controller;
			sourceTree = "<group>";
		};
		017E84682C04A14B00EED6E3 /* Presentation */ = {
			isa = PBXGroup;
			children = (
				017E846D2C04A28D00EED6E3 /* ProfileModel.swift */,
			);
			path = Presentation;
			sourceTree = "<group>";
		};
		017E84692C04A15700EED6E3 /* Protocols */ = {
			isa = PBXGroup;
			children = (
				017E846B2C04A24000EED6E3 /* LogOutButtonDelegate.swift */,
				017E84712C04A6CC00EED6E3 /* Logout.swift */,
			);
			path = Protocols;
			sourceTree = "<group>";
		};
		017E846A2C04A15F00EED6E3 /* Manager */ = {
			isa = PBXGroup;
			children = (
				017E846F2C04A3E900EED6E3 /* FirebaseProfileManager.swift */,
			);
			path = Manager;
			sourceTree = "<group>";
		};
		018D824F2BFA84C7002E65BF /* Presentation */ = {
			isa = PBXGroup;
			children = (
				018D82562BFA8561002E65BF /* SplashModel.swift */,
			);
			path = Presentation;
			sourceTree = "<group>";
		};
		018D82502BFA84D7002E65BF /* Protocols */ = {
			isa = PBXGroup;
			children = (
				018D82542BFA852F002E65BF /* UserStatus.swift */,
			);
			path = Protocols;
			sourceTree = "<group>";
		};
		018D82512BFA84E2002E65BF /* Manager */ = {
			isa = PBXGroup;
			children = (
				018D82522BFA84F4002E65BF /* FirebaseUserStatusManager.swift */,
			);
			path = Manager;
			sourceTree = "<group>";
		};
/* End PBXGroup section */

/* Begin PBXNativeTarget section */
		017C0FCB2BF10D2A008F6EA1 /* Chat */ = {
			isa = PBXNativeTarget;
			buildConfigurationList = 017C0FE02BF10D2B008F6EA1 /* Build configuration list for PBXNativeTarget "Chat" */;
			buildPhases = (
				017C0FC82BF10D2A008F6EA1 /* Sources */,
				017C0FC92BF10D2A008F6EA1 /* Frameworks */,
				017C0FCA2BF10D2A008F6EA1 /* Resources */,
			);
			buildRules = (
			);
			dependencies = (
			);
			name = Chat;
			packageProductDependencies = (
				0150048A2BF6772400F2A948 /* FirebaseAuth */,
				0150048C2BF6772400F2A948 /* FirebaseDatabase */,
				0168604E2BF68F76007BE7A6 /* Lottie */,
				017E84762C04EDF100EED6E3 /* GoogleSignIn */,
				017E84782C04EDF100EED6E3 /* GoogleSignInSwift */,
			);
			productName = Chat;
			productReference = 017C0FCC2BF10D2A008F6EA1 /* Chat.app */;
			productType = "com.apple.product-type.application";
		};
/* End PBXNativeTarget section */

/* Begin PBXProject section */
		017C0FC42BF10D2A008F6EA1 /* Project object */ = {
			isa = PBXProject;
			attributes = {
				BuildIndependentTargetsInParallel = 1;
				LastSwiftUpdateCheck = 1530;
				LastUpgradeCheck = 1530;
				TargetAttributes = {
					017C0FCB2BF10D2A008F6EA1 = {
						CreatedOnToolsVersion = 15.3;
					};
				};
			};
			buildConfigurationList = 017C0FC72BF10D2A008F6EA1 /* Build configuration list for PBXProject "Chat" */;
			compatibilityVersion = "Xcode 14.0";
			developmentRegion = en;
			hasScannedForEncodings = 0;
			knownRegions = (
				en,
				Base,
			);
			mainGroup = 017C0FC32BF10D2A008F6EA1;
			packageReferences = (
				015004892BF6772400F2A948 /* XCRemoteSwiftPackageReference "firebase-ios-sdk" */,
				0168604D2BF68F76007BE7A6 /* XCRemoteSwiftPackageReference "lottie-ios" */,
				017E84752C04EDF100EED6E3 /* XCRemoteSwiftPackageReference "GoogleSignIn-iOS" */,
			);
			productRefGroup = 017C0FCD2BF10D2A008F6EA1 /* Products */;
			projectDirPath = "";
			projectRoot = "";
			targets = (
				017C0FCB2BF10D2A008F6EA1 /* Chat */,
			);
		};
/* End PBXProject section */

/* Begin PBXResourcesBuildPhase section */
		017C0FCA2BF10D2A008F6EA1 /* Resources */ = {
			isa = PBXResourcesBuildPhase;
			buildActionMask = 2147483647;
			files = (
				017C0FD92BF10D2B008F6EA1 /* Assets.xcassets in Resources */,
				017C0FDC2BF10D2B008F6EA1 /* Base in Resources */,
				017E84742C04E84200EED6E3 /* GoogleService-Info.plist in Resources */,
				0168604C2BF68EC9007BE7A6 /* splash.json in Resources */,
			);
			runOnlyForDeploymentPostprocessing = 0;
		};
/* End PBXResourcesBuildPhase section */

/* Begin PBXSourcesBuildPhase section */
		017C0FC82BF10D2A008F6EA1 /* Sources */ = {
			isa = PBXSourcesBuildPhase;
			buildActionMask = 2147483647;
			files = (
				015004942BF683D000F2A948 /* UserAuthentication.swift in Sources */,
				018D82532BFA84F4002E65BF /* FirebaseUserStatusManager.swift in Sources */,
				017E84592BFE629F00EED6E3 /* MainTabBarController.swift in Sources */,
				017E847B2C05B4BB00EED6E3 /* GoogleLoginButtonDelegate.swift in Sources */,
				017C0FF22BF14482008F6EA1 /* LoginView.swift in Sources */,
				017D26F42BF2103900E6D2E4 /* RegisterView.swift in Sources */,
				017E84632BFE64E700EED6E3 /* ChatsViewController.swift in Sources */,
				017E84652BFE651B00EED6E3 /* ProfileViewController.swift in Sources */,
				017E84722C04A6CC00EED6E3 /* Logout.swift in Sources */,
				017E84672C049CD200EED6E3 /* ProfileView.swift in Sources */,
				018D82552BFA852F002E65BF /* UserStatus.swift in Sources */,
				017E846E2C04A28D00EED6E3 /* ProfileModel.swift in Sources */,
				017C0FF52BF154D5008F6EA1 /* CustomColor.swift in Sources */,
				017C0FE72BF13A8B008F6EA1 /* LoginViewController.swift in Sources */,
				017E84702C04A3E900EED6E3 /* FirebaseProfileManager.swift in Sources */,
				017C0FE92BF140CE008F6EA1 /* RegisterViewController.swift in Sources */,
				017C0FD42BF10D2A008F6EA1 /* SplashViewController.swift in Sources */,
				017D26F72BF214DE00E6D2E4 /* RegisterModel.swift in Sources */,
				017E84562BFBC85300EED6E3 /* ChatAppUser.swift in Sources */,
				017D26FA2BF2166100E6D2E4 /* RegisterButtonDelegate.swift in Sources */,
				017E846C2C04A24000EED6E3 /* LogOutButtonDelegate.swift in Sources */,
				017D26EE2BF1F10500E6D2E4 /* LoginModel.swift in Sources */,
				018D82572BFA8561002E65BF /* SplashModel.swift in Sources */,
				015004972BF688D900F2A948 /* FirebaseLoginManager.swift in Sources */,
				015004922BF682A000F2A948 /* FirebaseRegistrationManager.swift in Sources */,
				017E84532BFBC34400EED6E3 /* UserCreator.swift in Sources */,
				017D26FC2BF257F400E6D2E4 /* ChangingProfileAvatarDelegate.swift in Sources */,
				017D26F12BF1F68300E6D2E4 /* LoginButtonDelegate.swift in Sources */,
				017E847D2C05F5D800EED6E3 /* GoogleAuthorization .swift in Sources */,
				017C0FD02BF10D2A008F6EA1 /* AppDelegate.swift in Sources */,
				017C0FD22BF10D2A008F6EA1 /* SceneDelegate.swift in Sources */,
			);
			runOnlyForDeploymentPostprocessing = 0;
		};
/* End PBXSourcesBuildPhase section */

/* Begin PBXVariantGroup section */
		017C0FDA2BF10D2B008F6EA1 /* LaunchScreen.storyboard */ = {
			isa = PBXVariantGroup;
			children = (
				017C0FDB2BF10D2B008F6EA1 /* Base */,
			);
			name = LaunchScreen.storyboard;
			sourceTree = "<group>";
		};
/* End PBXVariantGroup section */

/* Begin XCBuildConfiguration section */
		017C0FDE2BF10D2B008F6EA1 /* Debug */ = {
			isa = XCBuildConfiguration;
			buildSettings = {
				ALWAYS_SEARCH_USER_PATHS = NO;
				ASSETCATALOG_COMPILER_GENERATE_SWIFT_ASSET_SYMBOL_EXTENSIONS = YES;
				CLANG_ANALYZER_NONNULL = YES;
				CLANG_ANALYZER_NUMBER_OBJECT_CONVERSION = YES_AGGRESSIVE;
				CLANG_CXX_LANGUAGE_STANDARD = "gnu++20";
				CLANG_ENABLE_MODULES = YES;
				CLANG_ENABLE_OBJC_ARC = YES;
				CLANG_ENABLE_OBJC_WEAK = YES;
				CLANG_WARN_BLOCK_CAPTURE_AUTORELEASING = YES;
				CLANG_WARN_BOOL_CONVERSION = YES;
				CLANG_WARN_COMMA = YES;
				CLANG_WARN_CONSTANT_CONVERSION = YES;
				CLANG_WARN_DEPRECATED_OBJC_IMPLEMENTATIONS = YES;
				CLANG_WARN_DIRECT_OBJC_ISA_USAGE = YES_ERROR;
				CLANG_WARN_DOCUMENTATION_COMMENTS = YES;
				CLANG_WARN_EMPTY_BODY = YES;
				CLANG_WARN_ENUM_CONVERSION = YES;
				CLANG_WARN_INFINITE_RECURSION = YES;
				CLANG_WARN_INT_CONVERSION = YES;
				CLANG_WARN_NON_LITERAL_NULL_CONVERSION = YES;
				CLANG_WARN_OBJC_IMPLICIT_RETAIN_SELF = YES;
				CLANG_WARN_OBJC_LITERAL_CONVERSION = YES;
				CLANG_WARN_OBJC_ROOT_CLASS = YES_ERROR;
				CLANG_WARN_QUOTED_INCLUDE_IN_FRAMEWORK_HEADER = YES;
				CLANG_WARN_RANGE_LOOP_ANALYSIS = YES;
				CLANG_WARN_STRICT_PROTOTYPES = YES;
				CLANG_WARN_SUSPICIOUS_MOVE = YES;
				CLANG_WARN_UNGUARDED_AVAILABILITY = YES_AGGRESSIVE;
				CLANG_WARN_UNREACHABLE_CODE = YES;
				CLANG_WARN__DUPLICATE_METHOD_MATCH = YES;
				COPY_PHASE_STRIP = NO;
				DEBUG_INFORMATION_FORMAT = dwarf;
				ENABLE_STRICT_OBJC_MSGSEND = YES;
				ENABLE_TESTABILITY = YES;
				ENABLE_USER_SCRIPT_SANDBOXING = YES;
				GCC_C_LANGUAGE_STANDARD = gnu17;
				GCC_DYNAMIC_NO_PIC = NO;
				GCC_NO_COMMON_BLOCKS = YES;
				GCC_OPTIMIZATION_LEVEL = 0;
				GCC_PREPROCESSOR_DEFINITIONS = (
					"DEBUG=1",
					"$(inherited)",
				);
				GCC_WARN_64_TO_32_BIT_CONVERSION = YES;
				GCC_WARN_ABOUT_RETURN_TYPE = YES_ERROR;
				GCC_WARN_UNDECLARED_SELECTOR = YES;
				GCC_WARN_UNINITIALIZED_AUTOS = YES_AGGRESSIVE;
				GCC_WARN_UNUSED_FUNCTION = YES;
				GCC_WARN_UNUSED_VARIABLE = YES;
				IPHONEOS_DEPLOYMENT_TARGET = 17.4;
				LOCALIZATION_PREFERS_STRING_CATALOGS = YES;
				MTL_ENABLE_DEBUG_INFO = INCLUDE_SOURCE;
				MTL_FAST_MATH = YES;
				ONLY_ACTIVE_ARCH = YES;
				SDKROOT = iphoneos;
				SWIFT_ACTIVE_COMPILATION_CONDITIONS = "DEBUG $(inherited)";
				SWIFT_OPTIMIZATION_LEVEL = "-Onone";
			};
			name = Debug;
		};
		017C0FDF2BF10D2B008F6EA1 /* Release */ = {
			isa = XCBuildConfiguration;
			buildSettings = {
				ALWAYS_SEARCH_USER_PATHS = NO;
				ASSETCATALOG_COMPILER_GENERATE_SWIFT_ASSET_SYMBOL_EXTENSIONS = YES;
				CLANG_ANALYZER_NONNULL = YES;
				CLANG_ANALYZER_NUMBER_OBJECT_CONVERSION = YES_AGGRESSIVE;
				CLANG_CXX_LANGUAGE_STANDARD = "gnu++20";
				CLANG_ENABLE_MODULES = YES;
				CLANG_ENABLE_OBJC_ARC = YES;
				CLANG_ENABLE_OBJC_WEAK = YES;
				CLANG_WARN_BLOCK_CAPTURE_AUTORELEASING = YES;
				CLANG_WARN_BOOL_CONVERSION = YES;
				CLANG_WARN_COMMA = YES;
				CLANG_WARN_CONSTANT_CONVERSION = YES;
				CLANG_WARN_DEPRECATED_OBJC_IMPLEMENTATIONS = YES;
				CLANG_WARN_DIRECT_OBJC_ISA_USAGE = YES_ERROR;
				CLANG_WARN_DOCUMENTATION_COMMENTS = YES;
				CLANG_WARN_EMPTY_BODY = YES;
				CLANG_WARN_ENUM_CONVERSION = YES;
				CLANG_WARN_INFINITE_RECURSION = YES;
				CLANG_WARN_INT_CONVERSION = YES;
				CLANG_WARN_NON_LITERAL_NULL_CONVERSION = YES;
				CLANG_WARN_OBJC_IMPLICIT_RETAIN_SELF = YES;
				CLANG_WARN_OBJC_LITERAL_CONVERSION = YES;
				CLANG_WARN_OBJC_ROOT_CLASS = YES_ERROR;
				CLANG_WARN_QUOTED_INCLUDE_IN_FRAMEWORK_HEADER = YES;
				CLANG_WARN_RANGE_LOOP_ANALYSIS = YES;
				CLANG_WARN_STRICT_PROTOTYPES = YES;
				CLANG_WARN_SUSPICIOUS_MOVE = YES;
				CLANG_WARN_UNGUARDED_AVAILABILITY = YES_AGGRESSIVE;
				CLANG_WARN_UNREACHABLE_CODE = YES;
				CLANG_WARN__DUPLICATE_METHOD_MATCH = YES;
				COPY_PHASE_STRIP = NO;
				DEBUG_INFORMATION_FORMAT = "dwarf-with-dsym";
				ENABLE_NS_ASSERTIONS = NO;
				ENABLE_STRICT_OBJC_MSGSEND = YES;
				ENABLE_USER_SCRIPT_SANDBOXING = YES;
				GCC_C_LANGUAGE_STANDARD = gnu17;
				GCC_NO_COMMON_BLOCKS = YES;
				GCC_WARN_64_TO_32_BIT_CONVERSION = YES;
				GCC_WARN_ABOUT_RETURN_TYPE = YES_ERROR;
				GCC_WARN_UNDECLARED_SELECTOR = YES;
				GCC_WARN_UNINITIALIZED_AUTOS = YES_AGGRESSIVE;
				GCC_WARN_UNUSED_FUNCTION = YES;
				GCC_WARN_UNUSED_VARIABLE = YES;
				IPHONEOS_DEPLOYMENT_TARGET = 17.4;
				LOCALIZATION_PREFERS_STRING_CATALOGS = YES;
				MTL_ENABLE_DEBUG_INFO = NO;
				MTL_FAST_MATH = YES;
				SDKROOT = iphoneos;
				SWIFT_COMPILATION_MODE = wholemodule;
				VALIDATE_PRODUCT = YES;
			};
			name = Release;
		};
		017C0FE12BF10D2B008F6EA1 /* Debug */ = {
			isa = XCBuildConfiguration;
			buildSettings = {
				ASSETCATALOG_COMPILER_APPICON_NAME = AppIcon;
				ASSETCATALOG_COMPILER_GLOBAL_ACCENT_COLOR_NAME = AccentColor;
				CODE_SIGN_STYLE = Automatic;
				CURRENT_PROJECT_VERSION = 1;
				DEVELOPMENT_TEAM = 57V9Y33D2J;
				GENERATE_INFOPLIST_FILE = YES;
				INFOPLIST_FILE = Chat/Resources/Info.plist;
				INFOPLIST_KEY_NSCameraUsageDescription = "Разрешите доступ, чтобы сделать фотографию профиля";
				INFOPLIST_KEY_NSPhotoLibraryUsageDescription = "Разрешите доступ к выбору фотографии для вашего профиля";
				INFOPLIST_KEY_UIApplicationSupportsIndirectInputEvents = YES;
				INFOPLIST_KEY_UILaunchStoryboardName = LaunchScreen;
				INFOPLIST_KEY_UISupportedInterfaceOrientations_iPad = "UIInterfaceOrientationPortrait UIInterfaceOrientationPortraitUpsideDown UIInterfaceOrientationLandscapeLeft UIInterfaceOrientationLandscapeRight";
				INFOPLIST_KEY_UISupportedInterfaceOrientations_iPhone = "UIInterfaceOrientationPortrait UIInterfaceOrientationLandscapeLeft UIInterfaceOrientationLandscapeRight";
				LD_RUNPATH_SEARCH_PATHS = (
					"$(inherited)",
					"@executable_path/Frameworks",
				);
				MARKETING_VERSION = 1.0;
				PRODUCT_BUNDLE_IDENTIFIER = tms.by.Chat;
				PRODUCT_NAME = "$(TARGET_NAME)";
				SWIFT_EMIT_LOC_STRINGS = YES;
				SWIFT_VERSION = 5.0;
				TARGETED_DEVICE_FAMILY = "1,2";
			};
			name = Debug;
		};
		017C0FE22BF10D2B008F6EA1 /* Release */ = {
			isa = XCBuildConfiguration;
			buildSettings = {
				ASSETCATALOG_COMPILER_APPICON_NAME = AppIcon;
				ASSETCATALOG_COMPILER_GLOBAL_ACCENT_COLOR_NAME = AccentColor;
				CODE_SIGN_STYLE = Automatic;
				CURRENT_PROJECT_VERSION = 1;
				DEVELOPMENT_TEAM = 57V9Y33D2J;
				GENERATE_INFOPLIST_FILE = YES;
				INFOPLIST_FILE = Chat/Resources/Info.plist;
				INFOPLIST_KEY_NSCameraUsageDescription = "Разрешите доступ, чтобы сделать фотографию профиля";
				INFOPLIST_KEY_NSPhotoLibraryUsageDescription = "Разрешите доступ к выбору фотографии для вашего профиля";
				INFOPLIST_KEY_UIApplicationSupportsIndirectInputEvents = YES;
				INFOPLIST_KEY_UILaunchStoryboardName = LaunchScreen;
				INFOPLIST_KEY_UISupportedInterfaceOrientations_iPad = "UIInterfaceOrientationPortrait UIInterfaceOrientationPortraitUpsideDown UIInterfaceOrientationLandscapeLeft UIInterfaceOrientationLandscapeRight";
				INFOPLIST_KEY_UISupportedInterfaceOrientations_iPhone = "UIInterfaceOrientationPortrait UIInterfaceOrientationLandscapeLeft UIInterfaceOrientationLandscapeRight";
				LD_RUNPATH_SEARCH_PATHS = (
					"$(inherited)",
					"@executable_path/Frameworks",
				);
				MARKETING_VERSION = 1.0;
				PRODUCT_BUNDLE_IDENTIFIER = tms.by.Chat;
				PRODUCT_NAME = "$(TARGET_NAME)";
				SWIFT_EMIT_LOC_STRINGS = YES;
				SWIFT_VERSION = 5.0;
				TARGETED_DEVICE_FAMILY = "1,2";
			};
			name = Release;
		};
/* End XCBuildConfiguration section */

/* Begin XCConfigurationList section */
		017C0FC72BF10D2A008F6EA1 /* Build configuration list for PBXProject "Chat" */ = {
			isa = XCConfigurationList;
			buildConfigurations = (
				017C0FDE2BF10D2B008F6EA1 /* Debug */,
				017C0FDF2BF10D2B008F6EA1 /* Release */,
			);
			defaultConfigurationIsVisible = 0;
			defaultConfigurationName = Release;
		};
		017C0FE02BF10D2B008F6EA1 /* Build configuration list for PBXNativeTarget "Chat" */ = {
			isa = XCConfigurationList;
			buildConfigurations = (
				017C0FE12BF10D2B008F6EA1 /* Debug */,
				017C0FE22BF10D2B008F6EA1 /* Release */,
			);
			defaultConfigurationIsVisible = 0;
			defaultConfigurationName = Release;
		};
/* End XCConfigurationList section */

/* Begin XCRemoteSwiftPackageReference section */
		015004892BF6772400F2A948 /* XCRemoteSwiftPackageReference "firebase-ios-sdk" */ = {
			isa = XCRemoteSwiftPackageReference;
			repositoryURL = "https://github.com/firebase/firebase-ios-sdk";
			requirement = {
				kind = upToNextMajorVersion;
				minimumVersion = 10.26.0;
			};
		};
		0168604D2BF68F76007BE7A6 /* XCRemoteSwiftPackageReference "lottie-ios" */ = {
			isa = XCRemoteSwiftPackageReference;
			repositoryURL = "https://github.com/airbnb/lottie-ios";
			requirement = {
				kind = upToNextMajorVersion;
				minimumVersion = 4.4.3;
			};
		};
		017E84752C04EDF100EED6E3 /* XCRemoteSwiftPackageReference "GoogleSignIn-iOS" */ = {
			isa = XCRemoteSwiftPackageReference;
			repositoryURL = "https://github.com/google/GoogleSignIn-iOS";
			requirement = {
				kind = upToNextMajorVersion;
				minimumVersion = 7.1.0;
			};
		};
/* End XCRemoteSwiftPackageReference section */

/* Begin XCSwiftPackageProductDependency section */
		0150048A2BF6772400F2A948 /* FirebaseAuth */ = {
			isa = XCSwiftPackageProductDependency;
			package = 015004892BF6772400F2A948 /* XCRemoteSwiftPackageReference "firebase-ios-sdk" */;
			productName = FirebaseAuth;
		};
		0150048C2BF6772400F2A948 /* FirebaseDatabase */ = {
			isa = XCSwiftPackageProductDependency;
			package = 015004892BF6772400F2A948 /* XCRemoteSwiftPackageReference "firebase-ios-sdk" */;
			productName = FirebaseDatabase;
		};
		0168604E2BF68F76007BE7A6 /* Lottie */ = {
			isa = XCSwiftPackageProductDependency;
			package = 0168604D2BF68F76007BE7A6 /* XCRemoteSwiftPackageReference "lottie-ios" */;
			productName = Lottie;
		};
		017E84762C04EDF100EED6E3 /* GoogleSignIn */ = {
			isa = XCSwiftPackageProductDependency;
			package = 017E84752C04EDF100EED6E3 /* XCRemoteSwiftPackageReference "GoogleSignIn-iOS" */;
			productName = GoogleSignIn;
		};
		017E84782C04EDF100EED6E3 /* GoogleSignInSwift */ = {
			isa = XCSwiftPackageProductDependency;
			package = 017E84752C04EDF100EED6E3 /* XCRemoteSwiftPackageReference "GoogleSignIn-iOS" */;
			productName = GoogleSignInSwift;
		};
/* End XCSwiftPackageProductDependency section */
	};
	rootObject = 017C0FC42BF10D2A008F6EA1 /* Project object */;
}
